// !$*UTF8*$!
{
	archiveVersion = 1;
	classes = {
	};
	objectVersion = 51;
	objects = {

/* Begin PBXBuildFile section */
		BC56B3EB2681EC7000550963 /* StorageManager.swift in Sources */ = {isa = PBXBuildFile; fileRef = BC56B3EA2681EC7000550963 /* StorageManager.swift */; };
		BC56B3F42681F1FE00550963 /* ShoppingList.swift in Sources */ = {isa = PBXBuildFile; fileRef = BC56B3F32681F1FE00550963 /* ShoppingList.swift */; };
		BC56B3F72681F2A100550963 /* Purchase.swift in Sources */ = {isa = PBXBuildFile; fileRef = BC56B3F62681F2A100550963 /* Purchase.swift */; };
		BC6174A82684917300CBA0D7 /* CheckBox.swift in Sources */ = {isa = PBXBuildFile; fileRef = BC6174A72684917300CBA0D7 /* CheckBox.swift */; };
		BC6174AB26849BD100CBA0D7 /* DetailedListViewController.swift in Sources */ = {isa = PBXBuildFile; fileRef = BC6174AA26849BD100CBA0D7 /* DetailedListViewController.swift */; };
		BC6174AE2684B43A00CBA0D7 /* PurchaseTableViewCell.swift in Sources */ = {isa = PBXBuildFile; fileRef = BC6174AD2684B43A00CBA0D7 /* PurchaseTableViewCell.swift */; };
		BCF4991F267B3387000D129A /* AppDelegate.swift in Sources */ = {isa = PBXBuildFile; fileRef = BCF4991E267B3387000D129A /* AppDelegate.swift */; };
		BCF49921267B3387000D129A /* SceneDelegate.swift in Sources */ = {isa = PBXBuildFile; fileRef = BCF49920267B3387000D129A /* SceneDelegate.swift */; };
		BCF49923267B3387000D129A /* OnboardViewController.swift in Sources */ = {isa = PBXBuildFile; fileRef = BCF49922267B3387000D129A /* OnboardViewController.swift */; };
		BCF49926267B3387000D129A /* Main.storyboard in Resources */ = {isa = PBXBuildFile; fileRef = BCF49924267B3387000D129A /* Main.storyboard */; };
		BCF49928267B338A000D129A /* Assets.xcassets in Resources */ = {isa = PBXBuildFile; fileRef = BCF49927267B338A000D129A /* Assets.xcassets */; };
		BCF4992B267B338A000D129A /* LaunchScreen.storyboard in Resources */ = {isa = PBXBuildFile; fileRef = BCF49929267B338A000D129A /* LaunchScreen.storyboard */; };
		BCF4994A267B8F0E000D129A /* ShoppingListViewController.swift in Sources */ = {isa = PBXBuildFile; fileRef = BCF49949267B8F0E000D129A /* ShoppingListViewController.swift */; };
		BCF4995726807B67000D129A /* ListTableViewCell.swift in Sources */ = {isa = PBXBuildFile; fileRef = BCF4995626807B67000D129A /* ListTableViewCell.swift */; };
		BCF4995A268087DE000D129A /* floatingAddUIButton.swift in Sources */ = {isa = PBXBuildFile; fileRef = BCF49959268087DE000D129A /* floatingAddUIButton.swift */; };
		BCF4AC2D268134360038422C /* AddListViewController.swift in Sources */ = {isa = PBXBuildFile; fileRef = BCF4AC2C268134360038422C /* AddListViewController.swift */; };
		BE44DDE18D121196F0ACB965 /* Pods_Shop_List_HW14.framework in Frameworks */ = {isa = PBXBuildFile; fileRef = 4E0F3144CE9DD84438307D47 /* Pods_Shop_List_HW14.framework */; };
/* End PBXBuildFile section */

/* Begin PBXFileReference section */
		07BA3B873F1700866AE918EC /* Pods-Shop List HW14.release.xcconfig */ = {isa = PBXFileReference; includeInIndex = 1; lastKnownFileType = text.xcconfig; name = "Pods-Shop List HW14.release.xcconfig"; path = "Target Support Files/Pods-Shop List HW14/Pods-Shop List HW14.release.xcconfig"; sourceTree = "<group>"; };
		0AA6AC6C2C1DF45F06676FEB /* Pods-Shop List HW14.debug.xcconfig */ = {isa = PBXFileReference; includeInIndex = 1; lastKnownFileType = text.xcconfig; name = "Pods-Shop List HW14.debug.xcconfig"; path = "Target Support Files/Pods-Shop List HW14/Pods-Shop List HW14.debug.xcconfig"; sourceTree = "<group>"; };
		4E0F3144CE9DD84438307D47 /* Pods_Shop_List_HW14.framework */ = {isa = PBXFileReference; explicitFileType = wrapper.framework; includeInIndex = 0; path = Pods_Shop_List_HW14.framework; sourceTree = BUILT_PRODUCTS_DIR; };
		BC56B3EA2681EC7000550963 /* StorageManager.swift */ = {isa = PBXFileReference; lastKnownFileType = sourcecode.swift; path = StorageManager.swift; sourceTree = "<group>"; };
		BC56B3F32681F1FE00550963 /* ShoppingList.swift */ = {isa = PBXFileReference; lastKnownFileType = sourcecode.swift; path = ShoppingList.swift; sourceTree = "<group>"; };
		BC56B3F62681F2A100550963 /* Purchase.swift */ = {isa = PBXFileReference; lastKnownFileType = sourcecode.swift; path = Purchase.swift; sourceTree = "<group>"; };
		BC6174A72684917300CBA0D7 /* CheckBox.swift */ = {isa = PBXFileReference; lastKnownFileType = sourcecode.swift; path = CheckBox.swift; sourceTree = "<group>"; };
		BC6174AA26849BD100CBA0D7 /* DetailedListViewController.swift */ = {isa = PBXFileReference; lastKnownFileType = sourcecode.swift; path = DetailedListViewController.swift; sourceTree = "<group>"; };
		BC6174AD2684B43A00CBA0D7 /* PurchaseTableViewCell.swift */ = {isa = PBXFileReference; lastKnownFileType = sourcecode.swift; path = PurchaseTableViewCell.swift; sourceTree = "<group>"; };
		BCF4991B267B3387000D129A /* Shop List HW14.app */ = {isa = PBXFileReference; explicitFileType = wrapper.application; includeInIndex = 0; path = "Shop List HW14.app"; sourceTree = BUILT_PRODUCTS_DIR; };
		BCF4991E267B3387000D129A /* AppDelegate.swift */ = {isa = PBXFileReference; lastKnownFileType = sourcecode.swift; path = AppDelegate.swift; sourceTree = "<group>"; };
		BCF49920267B3387000D129A /* SceneDelegate.swift */ = {isa = PBXFileReference; lastKnownFileType = sourcecode.swift; path = SceneDelegate.swift; sourceTree = "<group>"; };
		BCF49922267B3387000D129A /* OnboardViewController.swift */ = {isa = PBXFileReference; lastKnownFileType = sourcecode.swift; path = OnboardViewController.swift; sourceTree = "<group>"; };
		BCF49925267B3387000D129A /* Base */ = {isa = PBXFileReference; lastKnownFileType = file.storyboard; name = Base; path = Base.lproj/Main.storyboard; sourceTree = "<group>"; };
		BCF49927267B338A000D129A /* Assets.xcassets */ = {isa = PBXFileReference; lastKnownFileType = folder.assetcatalog; path = Assets.xcassets; sourceTree = "<group>"; };
		BCF4992A267B338A000D129A /* Base */ = {isa = PBXFileReference; lastKnownFileType = file.storyboard; name = Base; path = Base.lproj/LaunchScreen.storyboard; sourceTree = "<group>"; };
		BCF4992C267B338A000D129A /* Info.plist */ = {isa = PBXFileReference; lastKnownFileType = text.plist.xml; path = Info.plist; sourceTree = "<group>"; };
		BCF49949267B8F0E000D129A /* ShoppingListViewController.swift */ = {isa = PBXFileReference; lastKnownFileType = sourcecode.swift; path = ShoppingListViewController.swift; sourceTree = "<group>"; };
		BCF4995626807B67000D129A /* ListTableViewCell.swift */ = {isa = PBXFileReference; lastKnownFileType = sourcecode.swift; path = ListTableViewCell.swift; sourceTree = "<group>"; };
		BCF49959268087DE000D129A /* floatingAddUIButton.swift */ = {isa = PBXFileReference; lastKnownFileType = sourcecode.swift; path = floatingAddUIButton.swift; sourceTree = "<group>"; };
		BCF4AC2C268134360038422C /* AddListViewController.swift */ = {isa = PBXFileReference; lastKnownFileType = sourcecode.swift; path = AddListViewController.swift; sourceTree = "<group>"; };
/* End PBXFileReference section */

/* Begin PBXFrameworksBuildPhase section */
		BCF49918267B3387000D129A /* Frameworks */ = {
			isa = PBXFrameworksBuildPhase;
			buildActionMask = 2147483647;
			files = (
				BE44DDE18D121196F0ACB965 /* Pods_Shop_List_HW14.framework in Frameworks */,
			);
			runOnlyForDeploymentPostprocessing = 0;
		};
/* End PBXFrameworksBuildPhase section */

/* Begin PBXGroup section */
		BC56B3E92681EC6200550963 /* Helpers */ = {
			isa = PBXGroup;
			children = (
				BC56B3EA2681EC7000550963 /* StorageManager.swift */,
			);
			path = Helpers;
			sourceTree = "<group>";
		};
		BCF49912267B3387000D129A = {
			isa = PBXGroup;
			children = (
				BCF4991D267B3387000D129A /* Shop List HW14 */,
				BCF4991C267B3387000D129A /* Products */,
				DB63168F582BF9192A3FCAE7 /* Pods */,
				F817FFDBF1007D7B3B439A61 /* Frameworks */,
			);
			sourceTree = "<group>";
		};
		BCF4991C267B3387000D129A /* Products */ = {
			isa = PBXGroup;
			children = (
				BCF4991B267B3387000D129A /* Shop List HW14.app */,
			);
			name = Products;
			sourceTree = "<group>";
		};
		BCF4991D267B3387000D129A /* Shop List HW14 */ = {
			isa = PBXGroup;
			children = (
				BC56B3E92681EC6200550963 /* Helpers */,
				BCF49937267B3577000D129A /* View */,
				BCF49936267B356C000D129A /* Supportive files */,
				BCF49935267B3563000D129A /* Resources */,
				BCF49934267B3542000D129A /* Model */,
				BCF49933267B352D000D129A /* Controller */,
			);
			path = "Shop List HW14";
			sourceTree = "<group>";
		};
		BCF49933267B352D000D129A /* Controller */ = {
			isa = PBXGroup;
			children = (
				BCF49922267B3387000D129A /* OnboardViewController.swift */,
				BCF49949267B8F0E000D129A /* ShoppingListViewController.swift */,
				BCF4AC2C268134360038422C /* AddListViewController.swift */,
				BC6174AA26849BD100CBA0D7 /* DetailedListViewController.swift */,
			);
			path = Controller;
			sourceTree = "<group>";
		};
		BCF49934267B3542000D129A /* Model */ = {
			isa = PBXGroup;
			children = (
				BC56B3F32681F1FE00550963 /* ShoppingList.swift */,
				BC56B3F62681F2A100550963 /* Purchase.swift */,
			);
			path = Model;
			sourceTree = "<group>";
		};
		BCF49935267B3563000D129A /* Resources */ = {
			isa = PBXGroup;
			children = (
				BCF49927267B338A000D129A /* Assets.xcassets */,
			);
			path = Resources;
			sourceTree = "<group>";
		};
		BCF49936267B356C000D129A /* Supportive files */ = {
			isa = PBXGroup;
			children = (
				BCF4991E267B3387000D129A /* AppDelegate.swift */,
				BCF4992C267B338A000D129A /* Info.plist */,
			);
			path = "Supportive files";
			sourceTree = "<group>";
		};
		BCF49937267B3577000D129A /* View */ = {
			isa = PBXGroup;
			children = (
				BCF49920267B3387000D129A /* SceneDelegate.swift */,
				BCF49938267B35B4000D129A /* Base */,
				BCF4995626807B67000D129A /* ListTableViewCell.swift */,
				BCF49959268087DE000D129A /* floatingAddUIButton.swift */,
				BC6174A72684917300CBA0D7 /* CheckBox.swift */,
				BC6174AD2684B43A00CBA0D7 /* PurchaseTableViewCell.swift */,
			);
			path = View;
			sourceTree = "<group>";
		};
		BCF49938267B35B4000D129A /* Base */ = {
			isa = PBXGroup;
			children = (
				BCF49924267B3387000D129A /* Main.storyboard */,
				BCF49929267B338A000D129A /* LaunchScreen.storyboard */,
			);
			path = Base;
			sourceTree = "<group>";
		};
		DB63168F582BF9192A3FCAE7 /* Pods */ = {
			isa = PBXGroup;
			children = (
				0AA6AC6C2C1DF45F06676FEB /* Pods-Shop List HW14.debug.xcconfig */,
				07BA3B873F1700866AE918EC /* Pods-Shop List HW14.release.xcconfig */,
			);
			path = Pods;
			sourceTree = "<group>";
		};
		F817FFDBF1007D7B3B439A61 /* Frameworks */ = {
			isa = PBXGroup;
			children = (
				4E0F3144CE9DD84438307D47 /* Pods_Shop_List_HW14.framework */,
			);
			name = Frameworks;
			sourceTree = "<group>";
		};
/* End PBXGroup section */

/* Begin PBXNativeTarget section */
		BCF4991A267B3387000D129A /* Shop List HW14 */ = {
			isa = PBXNativeTarget;
			buildConfigurationList = BCF4992F267B338A000D129A /* Build configuration list for PBXNativeTarget "Shop List HW14" */;
			buildPhases = (
				A0FDCA03225BD5F235822435 /* [CP] Check Pods Manifest.lock */,
				BCF49917267B3387000D129A /* Sources */,
				BCF49918267B3387000D129A /* Frameworks */,
				BCF49919267B3387000D129A /* Resources */,
				4463FA28E5530835E758D37B /* [CP] Embed Pods Frameworks */,
			);
			buildRules = (
			);
			dependencies = (
			);
			name = "Shop List HW14";
			productName = "Shop List HW14";
			productReference = BCF4991B267B3387000D129A /* Shop List HW14.app */;
			productType = "com.apple.product-type.application";
		};
/* End PBXNativeTarget section */

/* Begin PBXProject section */
		BCF49913267B3387000D129A /* Project object */ = {
			isa = PBXProject;
			attributes = {
				LastSwiftUpdateCheck = 1240;
				LastUpgradeCheck = 1240;
				TargetAttributes = {
					BCF4991A267B3387000D129A = {
						CreatedOnToolsVersion = 12.4;
					};
				};
			};
			buildConfigurationList = BCF49916267B3387000D129A /* Build configuration list for PBXProject "Shop List HW14" */;
			compatibilityVersion = "Xcode 9.3";
			developmentRegion = en;
			hasScannedForEncodings = 0;
			knownRegions = (
				en,
				Base,
			);
			mainGroup = BCF49912267B3387000D129A;
			productRefGroup = BCF4991C267B3387000D129A /* Products */;
			projectDirPath = "";
			projectRoot = "";
			targets = (
				BCF4991A267B3387000D129A /* Shop List HW14 */,
			);
		};
/* End PBXProject section */

/* Begin PBXResourcesBuildPhase section */
		BCF49919267B3387000D129A /* Resources */ = {
			isa = PBXResourcesBuildPhase;
			buildActionMask = 2147483647;
			files = (
				BCF4992B267B338A000D129A /* LaunchScreen.storyboard in Resources */,
				BCF49928267B338A000D129A /* Assets.xcassets in Resources */,
				BCF49926267B3387000D129A /* Main.storyboard in Resources */,
			);
			runOnlyForDeploymentPostprocessing = 0;
		};
/* End PBXResourcesBuildPhase section */

/* Begin PBXShellScriptBuildPhase section */
		4463FA28E5530835E758D37B /* [CP] Embed Pods Frameworks */ = {
			isa = PBXShellScriptBuildPhase;
			buildActionMask = 2147483647;
			files = (
			);
			inputFileListPaths = (
				"${PODS_ROOT}/Target Support Files/Pods-Shop List HW14/Pods-Shop List HW14-frameworks-${CONFIGURATION}-input-files.xcfilelist",
			);
			name = "[CP] Embed Pods Frameworks";
			outputFileListPaths = (
				"${PODS_ROOT}/Target Support Files/Pods-Shop List HW14/Pods-Shop List HW14-frameworks-${CONFIGURATION}-output-files.xcfilelist",
			);
			runOnlyForDeploymentPostprocessing = 0;
			shellPath = /bin/sh;
			shellScript = "\"${PODS_ROOT}/Target Support Files/Pods-Shop List HW14/Pods-Shop List HW14-frameworks.sh\"\n";
			showEnvVarsInLog = 0;
		};
		A0FDCA03225BD5F235822435 /* [CP] Check Pods Manifest.lock */ = {
			isa = PBXShellScriptBuildPhase;
			buildActionMask = 2147483647;
			files = (
			);
			inputFileListPaths = (
			);
			inputPaths = (
				"${PODS_PODFILE_DIR_PATH}/Podfile.lock",
				"${PODS_ROOT}/Manifest.lock",
			);
			name = "[CP] Check Pods Manifest.lock";
			outputFileListPaths = (
			);
			outputPaths = (
				"$(DERIVED_FILE_DIR)/Pods-Shop List HW14-checkManifestLockResult.txt",
			);
			runOnlyForDeploymentPostprocessing = 0;
			shellPath = /bin/sh;
			shellScript = "diff \"${PODS_PODFILE_DIR_PATH}/Podfile.lock\" \"${PODS_ROOT}/Manifest.lock\" > /dev/null\nif [ $? != 0 ] ; then\n    # print error to STDERR\n    echo \"error: The sandbox is not in sync with the Podfile.lock. Run 'pod install' or update your CocoaPods installation.\" >&2\n    exit 1\nfi\n# This output is used by Xcode 'outputs' to avoid re-running this script phase.\necho \"SUCCESS\" > \"${SCRIPT_OUTPUT_FILE_0}\"\n";
			showEnvVarsInLog = 0;
		};
/* End PBXShellScriptBuildPhase section */

/* Begin PBXSourcesBuildPhase section */
		BCF49917267B3387000D129A /* Sources */ = {
			isa = PBXSourcesBuildPhase;
			buildActionMask = 2147483647;
			files = (
				BCF4994A267B8F0E000D129A /* ShoppingListViewController.swift in Sources */,
				BC56B3F42681F1FE00550963 /* ShoppingList.swift in Sources */,
				BC56B3F72681F2A100550963 /* Purchase.swift in Sources */,
				BC6174AE2684B43A00CBA0D7 /* PurchaseTableViewCell.swift in Sources */,
				BC6174A82684917300CBA0D7 /* CheckBox.swift in Sources */,
				BC6174AB26849BD100CBA0D7 /* DetailedListViewController.swift in Sources */,
				BCF49923267B3387000D129A /* OnboardViewController.swift in Sources */,
				BCF4AC2D268134360038422C /* AddListViewController.swift in Sources */,
				BCF4991F267B3387000D129A /* AppDelegate.swift in Sources */,
				BCF49921267B3387000D129A /* SceneDelegate.swift in Sources */,
				BC56B3EB2681EC7000550963 /* StorageManager.swift in Sources */,
				BCF4995726807B67000D129A /* ListTableViewCell.swift in Sources */,
				BCF4995A268087DE000D129A /* floatingAddUIButton.swift in Sources */,
			);
			runOnlyForDeploymentPostprocessing = 0;
		};
/* End PBXSourcesBuildPhase section */

/* Begin PBXVariantGroup section */
		BCF49924267B3387000D129A /* Main.storyboard */ = {
			isa = PBXVariantGroup;
			children = (
				BCF49925267B3387000D129A /* Base */,
			);
			name = Main.storyboard;
			sourceTree = "<group>";
		};
		BCF49929267B338A000D129A /* LaunchScreen.storyboard */ = {
			isa = PBXVariantGroup;
			children = (
				BCF4992A267B338A000D129A /* Base */,
			);
			name = LaunchScreen.storyboard;
			sourceTree = "<group>";
		};
/* End PBXVariantGroup section */

/* Begin XCBuildConfiguration section */
		BCF4992D267B338A000D129A /* Debug */ = {
			isa = XCBuildConfiguration;
			buildSettings = {
				ALWAYS_SEARCH_USER_PATHS = NO;
				CLANG_ANALYZER_NONNULL = YES;
				CLANG_ANALYZER_NUMBER_OBJECT_CONVERSION = YES_AGGRESSIVE;
				CLANG_CXX_LANGUAGE_STANDARD = "gnu++14";
				CLANG_CXX_LIBRARY = "libc++";
				CLANG_ENABLE_MODULES = YES;
				CLANG_ENABLE_OBJC_ARC = YES;
				CLANG_ENABLE_OBJC_WEAK = YES;
				CLANG_WARN_BLOCK_CAPTURE_AUTORELEASING = YES;
				CLANG_WARN_BOOL_CONVERSION = YES;
				CLANG_WARN_COMMA = YES;
				CLANG_WARN_CONSTANT_CONVERSION = YES;
				CLANG_WARN_DEPRECATED_OBJC_IMPLEMENTATIONS = YES;
				CLANG_WARN_DIRECT_OBJC_ISA_USAGE = YES_ERROR;
				CLANG_WARN_DOCUMENTATION_COMMENTS = YES;
				CLANG_WARN_EMPTY_BODY = YES;
				CLANG_WARN_ENUM_CONVERSION = YES;
				CLANG_WARN_INFINITE_RECURSION = YES;
				CLANG_WARN_INT_CONVERSION = YES;
				CLANG_WARN_NON_LITERAL_NULL_CONVERSION = YES;
				CLANG_WARN_OBJC_IMPLICIT_RETAIN_SELF = YES;
				CLANG_WARN_OBJC_LITERAL_CONVERSION = YES;
				CLANG_WARN_OBJC_ROOT_CLASS = YES_ERROR;
				CLANG_WARN_QUOTED_INCLUDE_IN_FRAMEWORK_HEADER = YES;
				CLANG_WARN_RANGE_LOOP_ANALYSIS = YES;
				CLANG_WARN_STRICT_PROTOTYPES = YES;
				CLANG_WARN_SUSPICIOUS_MOVE = YES;
				CLANG_WARN_UNGUARDED_AVAILABILITY = YES_AGGRESSIVE;
				CLANG_WARN_UNREACHABLE_CODE = YES;
				CLANG_WARN__DUPLICATE_METHOD_MATCH = YES;
				COPY_PHASE_STRIP = NO;
				DEBUG_INFORMATION_FORMAT = dwarf;
				ENABLE_STRICT_OBJC_MSGSEND = YES;
				ENABLE_TESTABILITY = YES;
				GCC_C_LANGUAGE_STANDARD = gnu11;
				GCC_DYNAMIC_NO_PIC = NO;
				GCC_NO_COMMON_BLOCKS = YES;
				GCC_OPTIMIZATION_LEVEL = 0;
				GCC_PREPROCESSOR_DEFINITIONS = (
					"DEBUG=1",
					"$(inherited)",
				);
				GCC_WARN_64_TO_32_BIT_CONVERSION = YES;
				GCC_WARN_ABOUT_RETURN_TYPE = YES_ERROR;
				GCC_WARN_UNDECLARED_SELECTOR = YES;
				GCC_WARN_UNINITIALIZED_AUTOS = YES_AGGRESSIVE;
				GCC_WARN_UNUSED_FUNCTION = YES;
				GCC_WARN_UNUSED_VARIABLE = YES;
				IPHONEOS_DEPLOYMENT_TARGET = 14.4;
				MTL_ENABLE_DEBUG_INFO = INCLUDE_SOURCE;
				MTL_FAST_MATH = YES;
				ONLY_ACTIVE_ARCH = YES;
				SDKROOT = iphoneos;
				SWIFT_ACTIVE_COMPILATION_CONDITIONS = DEBUG;
				SWIFT_OPTIMIZATION_LEVEL = "-Onone";
			};
			name = Debug;
		};
		BCF4992E267B338A000D129A /* Release */ = {
			isa = XCBuildConfiguration;
			buildSettings = {
				ALWAYS_SEARCH_USER_PATHS = NO;
				CLANG_ANALYZER_NONNULL = YES;
				CLANG_ANALYZER_NUMBER_OBJECT_CONVERSION = YES_AGGRESSIVE;
				CLANG_CXX_LANGUAGE_STANDARD = "gnu++14";
				CLANG_CXX_LIBRARY = "libc++";
				CLANG_ENABLE_MODULES = YES;
				CLANG_ENABLE_OBJC_ARC = YES;
				CLANG_ENABLE_OBJC_WEAK = YES;
				CLANG_WARN_BLOCK_CAPTURE_AUTORELEASING = YES;
				CLANG_WARN_BOOL_CONVERSION = YES;
				CLANG_WARN_COMMA = YES;
				CLANG_WARN_CONSTANT_CONVERSION = YES;
				CLANG_WARN_DEPRECATED_OBJC_IMPLEMENTATIONS = YES;
				CLANG_WARN_DIRECT_OBJC_ISA_USAGE = YES_ERROR;
				CLANG_WARN_DOCUMENTATION_COMMENTS = YES;
				CLANG_WARN_EMPTY_BODY = YES;
				CLANG_WARN_ENUM_CONVERSION = YES;
				CLANG_WARN_INFINITE_RECURSION = YES;
				CLANG_WARN_INT_CONVERSION = YES;
				CLANG_WARN_NON_LITERAL_NULL_CONVERSION = YES;
				CLANG_WARN_OBJC_IMPLICIT_RETAIN_SELF = YES;
				CLANG_WARN_OBJC_LITERAL_CONVERSION = YES;
				CLANG_WARN_OBJC_ROOT_CLASS = YES_ERROR;
				CLANG_WARN_QUOTED_INCLUDE_IN_FRAMEWORK_HEADER = YES;
				CLANG_WARN_RANGE_LOOP_ANALYSIS = YES;
				CLANG_WARN_STRICT_PROTOTYPES = YES;
				CLANG_WARN_SUSPICIOUS_MOVE = YES;
				CLANG_WARN_UNGUARDED_AVAILABILITY = YES_AGGRESSIVE;
				CLANG_WARN_UNREACHABLE_CODE = YES;
				CLANG_WARN__DUPLICATE_METHOD_MATCH = YES;
				COPY_PHASE_STRIP = NO;
				DEBUG_INFORMATION_FORMAT = "dwarf-with-dsym";
				ENABLE_NS_ASSERTIONS = NO;
				ENABLE_STRICT_OBJC_MSGSEND = YES;
				GCC_C_LANGUAGE_STANDARD = gnu11;
				GCC_NO_COMMON_BLOCKS = YES;
				GCC_WARN_64_TO_32_BIT_CONVERSION = YES;
				GCC_WARN_ABOUT_RETURN_TYPE = YES_ERROR;
				GCC_WARN_UNDECLARED_SELECTOR = YES;
				GCC_WARN_UNINITIALIZED_AUTOS = YES_AGGRESSIVE;
				GCC_WARN_UNUSED_FUNCTION = YES;
				GCC_WARN_UNUSED_VARIABLE = YES;
				IPHONEOS_DEPLOYMENT_TARGET = 14.4;
				MTL_ENABLE_DEBUG_INFO = NO;
				MTL_FAST_MATH = YES;
				SDKROOT = iphoneos;
				SWIFT_COMPILATION_MODE = wholemodule;
				SWIFT_OPTIMIZATION_LEVEL = "-O";
				VALIDATE_PRODUCT = YES;
			};
			name = Release;
		};
		BCF49930267B338A000D129A /* Debug */ = {
			isa = XCBuildConfiguration;
			baseConfigurationReference = 0AA6AC6C2C1DF45F06676FEB /* Pods-Shop List HW14.debug.xcconfig */;
			buildSettings = {
				ASSETCATALOG_COMPILER_APPICON_NAME = AppIcon;
				ASSETCATALOG_COMPILER_GLOBAL_ACCENT_COLOR_NAME = AccentColor;
				CODE_SIGN_STYLE = Automatic;
				DEVELOPMENT_TEAM = 832H9LUWZZ;
				INFOPLIST_FILE = "Shop List HW14/Supportive files/Info.plist";
				LD_RUNPATH_SEARCH_PATHS = (
					"$(inherited)",
					"@executable_path/Frameworks",
				);
				PRODUCT_BUNDLE_IDENTIFIER = "knyazev.Shop-List-HW14";
				PRODUCT_NAME = "$(TARGET_NAME)";
				SWIFT_VERSION = 5.0;
				TARGETED_DEVICE_FAMILY = "1,2";
			};
			name = Debug;
		};
		BCF49931267B338A000D129A /* Release */ = {
			isa = XCBuildConfiguration;
			baseConfigurationReference = 07BA3B873F1700866AE918EC /* Pods-Shop List HW14.release.xcconfig */;
			buildSettings = {
				ASSETCATALOG_COMPILER_APPICON_NAME = AppIcon;
				ASSETCATALOG_COMPILER_GLOBAL_ACCENT_COLOR_NAME = AccentColor;
				CODE_SIGN_STYLE = Automatic;
				DEVELOPMENT_TEAM = 832H9LUWZZ;
				INFOPLIST_FILE = "Shop List HW14/Supportive files/Info.plist";
				LD_RUNPATH_SEARCH_PATHS = (
					"$(inherited)",
					"@executable_path/Frameworks",
				);
				PRODUCT_BUNDLE_IDENTIFIER = "knyazev.Shop-List-HW14";
				PRODUCT_NAME = "$(TARGET_NAME)";
				SWIFT_VERSION = 5.0;
				TARGETED_DEVICE_FAMILY = "1,2";
			};
			name = Release;
		};
/* End XCBuildConfiguration section */

/* Begin XCConfigurationList section */
		BCF49916267B3387000D129A /* Build configuration list for PBXProject "Shop List HW14" */ = {
			isa = XCConfigurationList;
			buildConfigurations = (
				BCF4992D267B338A000D129A /* Debug */,
				BCF4992E267B338A000D129A /* Release */,
			);
			defaultConfigurationIsVisible = 0;
			defaultConfigurationName = Release;
		};
		BCF4992F267B338A000D129A /* Build configuration list for PBXNativeTarget "Shop List HW14" */ = {
			isa = XCConfigurationList;
			buildConfigurations = (
				BCF49930267B338A000D129A /* Debug */,
				BCF49931267B338A000D129A /* Release */,
			);
			defaultConfigurationIsVisible = 0;
			defaultConfigurationName = Release;
		};
/* End XCConfigurationList section */
	};
	rootObject = BCF49913267B3387000D129A /* Project object */;
}
